
Microsoft Visual Studio Solution File, Format Version 12.00
# Visual Studio Version 17
VisualStudioVersion = 17.9.34728.123
MinimumVisualStudioVersion = 10.0.40219.1
Project("{FAE04EC0-301F-11D3-BF4B-00C04F79EFBC}") = "CodePractise", "CodePractise\CodePractise.csproj", "{45A24F3D-449C-4D77-8AE9-AF6041B8FC8D}"
EndProject
Global
	GlobalSection(SolutionConfigurationPlatforms) = preSolution
		Debug|Any CPU = Debug|Any CPU
		Release|Any CPU = Release|Any CPU
	EndGlobalSection
	GlobalSection(ProjectConfigurationPlatforms) = postSolution
		{45A24F3D-449C-4D77-8AE9-AF6041B8FC8D}.Debug|Any CPU.ActiveCfg = Debug|Any CPU
		{45A24F3D-449C-4D77-8AE9-AF6041B8FC8D}.Debug|Any CPU.Build.0 = Debug|Any CPU
		{45A24F3D-449C-4D77-8AE9-AF6041B8FC8D}.Release|Any CPU.ActiveCfg = Release|Any CPU
		{45A24F3D-449C-4D77-8AE9-AF6041B8FC8D}.Release|Any CPU.Build.0 = Release|Any CPU
	EndGlobalSection
	GlobalSection(SolutionProperties) = preSolution
		HideSolutionNode = FALSE
	EndGlobalSection
	GlobalSection(ExtensibilityGlobals) = postSolution
		SolutionGuid = {C5659349-DCC9-4828-BBE2-16D1966D363D}
	EndGlobalSection
EndGlobal
