
Microsoft Visual Studio Solution File, Format Version 12.00
# Visual Studio Version 17
VisualStudioVersion = 17.9.34728.123
MinimumVisualStudioVersion = 10.0.40219.1
Project("{FAE04EC0-301F-11D3-BF4B-00C04F79EFBC}") = "PractiseQuestion", "PractiseQuestion.csproj", "{B8F198FF-87F3-4835-B058-812AF40A2F8B}"
EndProject
Global
	GlobalSection(SolutionConfigurationPlatforms) = preSolution
		Debug|Any CPU = Debug|Any CPU
		Release|Any CPU = Release|Any CPU
	EndGlobalSection
	GlobalSection(ProjectConfigurationPlatforms) = postSolution
		{B8F198FF-87F3-4835-B058-812AF40A2F8B}.Debug|Any CPU.ActiveCfg = Debug|Any CPU
		{B8F198FF-87F3-4835-B058-812AF40A2F8B}.Debug|Any CPU.Build.0 = Debug|Any CPU
		{B8F198FF-87F3-4835-B058-812AF40A2F8B}.Release|Any CPU.ActiveCfg = Release|Any CPU
		{B8F198FF-87F3-4835-B058-812AF40A2F8B}.Release|Any CPU.Build.0 = Release|Any CPU
	EndGlobalSection
	GlobalSection(SolutionProperties) = preSolution
		HideSolutionNode = FALSE
	EndGlobalSection
	GlobalSection(ExtensibilityGlobals) = postSolution
		SolutionGuid = {268485FE-035A-4B09-96AC-49C3462E2291}
	EndGlobalSection
EndGlobal
